// !$*UTF8*$!
{
	archiveVersion = 1;
	classes = {
	};
	objectVersion = 56;
	objects = {

/* Begin PBXBuildFile section */
		681D07F500846733B18A2A18 /* Pods_Hackers.framework in Frameworks */ = {isa = PBXBuildFile; fileRef = 7273C0718512D5967816A81D /* Pods_Hackers.framework */; };
		E41D15332A95B00C008B686B /* StoryItemRow.swift in Sources */ = {isa = PBXBuildFile; fileRef = E41D15322A95B00C008B686B /* StoryItemRow.swift */; };
		E41D15352A95B7E4008B686B /* License.swift in Sources */ = {isa = PBXBuildFile; fileRef = E41D15342A95B7E4008B686B /* License.swift */; };
		E43C43932A9858B70011FE82 /* StoryView.swift in Sources */ = {isa = PBXBuildFile; fileRef = E43C43922A9858B70011FE82 /* StoryView.swift */; };
		E43C43952A98617C0011FE82 /* HNItemLocalizable.swift in Sources */ = {isa = PBXBuildFile; fileRef = E43C43942A98617C0011FE82 /* HNItemLocalizable.swift */; };
		E43C43982A9861A90011FE82 /* Global.swift in Sources */ = {isa = PBXBuildFile; fileRef = E43C43972A9861A90011FE82 /* Global.swift */; };
		E43C439C2A9872DC0011FE82 /* CacheView.swift in Sources */ = {isa = PBXBuildFile; fileRef = E43C439B2A9872DC0011FE82 /* CacheView.swift */; };
		E43C439E2A9878960011FE82 /* CommentItemRow.swift in Sources */ = {isa = PBXBuildFile; fileRef = E43C439D2A9878960011FE82 /* CommentItemRow.swift */; };
		E43C43A02A98ED9B0011FE82 /* ViewState.swift in Sources */ = {isa = PBXBuildFile; fileRef = E43C439F2A98ED9B0011FE82 /* ViewState.swift */; };
		E46652B82A9463CB0048BA05 /* App.swift in Sources */ = {isa = PBXBuildFile; fileRef = E46652B72A9463CB0048BA05 /* App.swift */; };
		E46652BA2A9463CB0048BA05 /* MainTabView.swift in Sources */ = {isa = PBXBuildFile; fileRef = E46652B92A9463CB0048BA05 /* MainTabView.swift */; };
		E46652BC2A9463CE0048BA05 /* Assets.xcassets in Resources */ = {isa = PBXBuildFile; fileRef = E46652BB2A9463CE0048BA05 /* Assets.xcassets */; };
		E46652C72A94686B0048BA05 /* HNItem.swift in Sources */ = {isa = PBXBuildFile; fileRef = E46652C62A94686B0048BA05 /* HNItem.swift */; };
		E46652CC2A94690B0048BA05 /* LicensesView.swift in Sources */ = {isa = PBXBuildFile; fileRef = E46652CB2A94690B0048BA05 /* LicensesView.swift */; };
		E46652CE2A9473720048BA05 /* StoriesView.swift in Sources */ = {isa = PBXBuildFile; fileRef = E46652CD2A9473720048BA05 /* StoriesView.swift */; };
		E477E7202A95D55A00517B72 /* Alamofire in Frameworks */ = {isa = PBXBuildFile; productRef = E477E71F2A95D55A00517B72 /* Alamofire */; };
		E477E7222A95D7FD00517B72 /* SafariView.swift in Sources */ = {isa = PBXBuildFile; fileRef = E477E7212A95D7FD00517B72 /* SafariView.swift */; };
		E477E7252A95E33E00517B72 /* FaviconFinder in Frameworks */ = {isa = PBXBuildFile; productRef = E477E7242A95E33E00517B72 /* FaviconFinder */; };
		E477E7282A95F0EC00517B72 /* HNStoryType.swift in Sources */ = {isa = PBXBuildFile; fileRef = E477E7272A95F0EC00517B72 /* HNStoryType.swift */; };
		E477E72A2A95F90700517B72 /* MoreView.swift in Sources */ = {isa = PBXBuildFile; fileRef = E477E7292A95F90700517B72 /* MoreView.swift */; };
		E477E72C2A95F94600517B72 /* ListRow.swift in Sources */ = {isa = PBXBuildFile; fileRef = E477E72B2A95F94600517B72 /* ListRow.swift */; };
		E477E72E2A95F9BE00517B72 /* ListSectionHeader.swift in Sources */ = {isa = PBXBuildFile; fileRef = E477E72D2A95F9BE00517B72 /* ListSectionHeader.swift */; };
		E47FC65E2A97BBB1006BBCF9 /* SettingsManager.swift in Sources */ = {isa = PBXBuildFile; fileRef = E47FC65D2A97BBB1006BBCF9 /* SettingsManager.swift */; };
		E4876AE22A9EEF9500DC7FD9 /* TabManager.swift in Sources */ = {isa = PBXBuildFile; fileRef = E4876AE12A9EEF9500DC7FD9 /* TabManager.swift */; };
		E4876AE42A9EEFA700DC7FD9 /* TabType.swift in Sources */ = {isa = PBXBuildFile; fileRef = E4876AE32A9EEFA700DC7FD9 /* TabType.swift */; };
		E4876AE62A9EEFC500DC7FD9 /* ViewPath.swift in Sources */ = {isa = PBXBuildFile; fileRef = E4876AE52A9EEFC500DC7FD9 /* ViewPath.swift */; };
		E4876AE82A9EF02300DC7FD9 /* NavigationManager.swift in Sources */ = {isa = PBXBuildFile; fileRef = E4876AE72A9EF02300DC7FD9 /* NavigationManager.swift */; };
		E48A02782A9A0DCA00C31F40 /* LaunchScreen.storyboard in Resources */ = {isa = PBXBuildFile; fileRef = E48A02772A9A0DCA00C31F40 /* LaunchScreen.storyboard */; };
		E4DD4DF32AA749500090036E /* InfoPlist.xcstrings in Resources */ = {isa = PBXBuildFile; fileRef = E4DD4DF22AA749500090036E /* InfoPlist.xcstrings */; };
		E4DD4DF52AA749840090036E /* Localizable.xcstrings in Resources */ = {isa = PBXBuildFile; fileRef = E4DD4DF42AA749840090036E /* Localizable.xcstrings */; };
		E4EB91D92A9CB42F00C0C93C /* StoryManager.swift in Sources */ = {isa = PBXBuildFile; fileRef = E4EB91D82A9CB42F00C0C93C /* StoryManager.swift */; };
		E4EB91DD2A9CE6B100C0C93C /* ListFooter.swift in Sources */ = {isa = PBXBuildFile; fileRef = E4EB91DC2A9CE6B100C0C93C /* ListFooter.swift */; };
		E4EB91DF2A9CE70100C0C93C /* FooterDisplayMode.swift in Sources */ = {isa = PBXBuildFile; fileRef = E4EB91DE2A9CE70100C0C93C /* FooterDisplayMode.swift */; };
/* End PBXBuildFile section */

/* Begin PBXFileReference section */
		06A0A43083B31300C5C0551C /* Pods-Hackers.debug.xcconfig */ = {isa = PBXFileReference; includeInIndex = 1; lastKnownFileType = text.xcconfig; name = "Pods-Hackers.debug.xcconfig"; path = "Target Support Files/Pods-Hackers/Pods-Hackers.debug.xcconfig"; sourceTree = "<group>"; };
		7273C0718512D5967816A81D /* Pods_Hackers.framework */ = {isa = PBXFileReference; explicitFileType = wrapper.framework; includeInIndex = 0; path = Pods_Hackers.framework; sourceTree = BUILT_PRODUCTS_DIR; };
		93B4830D178BC940CF1E1EBB /* Pods-Hackers.release.xcconfig */ = {isa = PBXFileReference; includeInIndex = 1; lastKnownFileType = text.xcconfig; name = "Pods-Hackers.release.xcconfig"; path = "Target Support Files/Pods-Hackers/Pods-Hackers.release.xcconfig"; sourceTree = "<group>"; };
		E41D15322A95B00C008B686B /* StoryItemRow.swift */ = {isa = PBXFileReference; lastKnownFileType = sourcecode.swift; path = StoryItemRow.swift; sourceTree = "<group>"; };
		E41D15342A95B7E4008B686B /* License.swift */ = {isa = PBXFileReference; lastKnownFileType = sourcecode.swift; path = License.swift; sourceTree = "<group>"; };
		E43C43922A9858B70011FE82 /* StoryView.swift */ = {isa = PBXFileReference; lastKnownFileType = sourcecode.swift; path = StoryView.swift; sourceTree = "<group>"; };
		E43C43942A98617C0011FE82 /* HNItemLocalizable.swift */ = {isa = PBXFileReference; lastKnownFileType = sourcecode.swift; path = HNItemLocalizable.swift; sourceTree = "<group>"; };
		E43C43972A9861A90011FE82 /* Global.swift */ = {isa = PBXFileReference; lastKnownFileType = sourcecode.swift; path = Global.swift; sourceTree = "<group>"; };
		E43C439B2A9872DC0011FE82 /* CacheView.swift */ = {isa = PBXFileReference; lastKnownFileType = sourcecode.swift; path = CacheView.swift; sourceTree = "<group>"; };
		E43C439D2A9878960011FE82 /* CommentItemRow.swift */ = {isa = PBXFileReference; lastKnownFileType = sourcecode.swift; path = CommentItemRow.swift; sourceTree = "<group>"; };
		E43C439F2A98ED9B0011FE82 /* ViewState.swift */ = {isa = PBXFileReference; lastKnownFileType = sourcecode.swift; path = ViewState.swift; sourceTree = "<group>"; };
		E46652B42A9463CB0048BA05 /* Hackers.app */ = {isa = PBXFileReference; explicitFileType = wrapper.application; includeInIndex = 0; path = Hackers.app; sourceTree = BUILT_PRODUCTS_DIR; };
		E46652B72A9463CB0048BA05 /* App.swift */ = {isa = PBXFileReference; lastKnownFileType = sourcecode.swift; path = App.swift; sourceTree = "<group>"; };
		E46652B92A9463CB0048BA05 /* MainTabView.swift */ = {isa = PBXFileReference; lastKnownFileType = sourcecode.swift; path = MainTabView.swift; sourceTree = "<group>"; };
		E46652BB2A9463CE0048BA05 /* Assets.xcassets */ = {isa = PBXFileReference; lastKnownFileType = folder.assetcatalog; path = Assets.xcassets; sourceTree = "<group>"; };
		E46652BD2A9463CE0048BA05 /* Hackers.entitlements */ = {isa = PBXFileReference; lastKnownFileType = text.plist.entitlements; path = Hackers.entitlements; sourceTree = "<group>"; };
		E46652C62A94686B0048BA05 /* HNItem.swift */ = {isa = PBXFileReference; lastKnownFileType = sourcecode.swift; path = HNItem.swift; sourceTree = "<group>"; };
		E46652CB2A94690B0048BA05 /* LicensesView.swift */ = {isa = PBXFileReference; lastKnownFileType = sourcecode.swift; path = LicensesView.swift; sourceTree = "<group>"; };
		E46652CD2A9473720048BA05 /* StoriesView.swift */ = {isa = PBXFileReference; lastKnownFileType = sourcecode.swift; path = StoriesView.swift; sourceTree = "<group>"; };
		E46652D02A94FAB10048BA05 /* MLKitTranslate.framework */ = {isa = PBXFileReference; lastKnownFileType = wrapper.framework; name = MLKitTranslate.framework; path = Pods/MLKitTranslate/Frameworks/MLKitTranslate.framework; sourceTree = "<group>"; };
		E46652D42A94FE280048BA05 /* Info.plist */ = {isa = PBXFileReference; lastKnownFileType = text.plist; path = Info.plist; sourceTree = "<group>"; };
		E477E7212A95D7FD00517B72 /* SafariView.swift */ = {isa = PBXFileReference; lastKnownFileType = sourcecode.swift; path = SafariView.swift; sourceTree = "<group>"; };
		E477E7272A95F0EC00517B72 /* HNStoryType.swift */ = {isa = PBXFileReference; lastKnownFileType = sourcecode.swift; path = HNStoryType.swift; sourceTree = "<group>"; };
		E477E7292A95F90700517B72 /* MoreView.swift */ = {isa = PBXFileReference; lastKnownFileType = sourcecode.swift; path = MoreView.swift; sourceTree = "<group>"; };
		E477E72B2A95F94600517B72 /* ListRow.swift */ = {isa = PBXFileReference; lastKnownFileType = sourcecode.swift; path = ListRow.swift; sourceTree = "<group>"; };
		E477E72D2A95F9BE00517B72 /* ListSectionHeader.swift */ = {isa = PBXFileReference; lastKnownFileType = sourcecode.swift; path = ListSectionHeader.swift; sourceTree = "<group>"; };
		E47FC65D2A97BBB1006BBCF9 /* SettingsManager.swift */ = {isa = PBXFileReference; lastKnownFileType = sourcecode.swift; path = SettingsManager.swift; sourceTree = "<group>"; };
		E4876AE12A9EEF9500DC7FD9 /* TabManager.swift */ = {isa = PBXFileReference; lastKnownFileType = sourcecode.swift; path = TabManager.swift; sourceTree = "<group>"; };
		E4876AE32A9EEFA700DC7FD9 /* TabType.swift */ = {isa = PBXFileReference; lastKnownFileType = sourcecode.swift; path = TabType.swift; sourceTree = "<group>"; };
		E4876AE52A9EEFC500DC7FD9 /* ViewPath.swift */ = {isa = PBXFileReference; lastKnownFileType = sourcecode.swift; path = ViewPath.swift; sourceTree = "<group>"; };
		E4876AE72A9EF02300DC7FD9 /* NavigationManager.swift */ = {isa = PBXFileReference; lastKnownFileType = sourcecode.swift; path = NavigationManager.swift; sourceTree = "<group>"; };
		E48A02772A9A0DCA00C31F40 /* LaunchScreen.storyboard */ = {isa = PBXFileReference; lastKnownFileType = file.storyboard; path = LaunchScreen.storyboard; sourceTree = "<group>"; };
		E4DD4DF22AA749500090036E /* InfoPlist.xcstrings */ = {isa = PBXFileReference; lastKnownFileType = text.json.xcstrings; path = InfoPlist.xcstrings; sourceTree = "<group>"; };
		E4DD4DF42AA749840090036E /* Localizable.xcstrings */ = {isa = PBXFileReference; lastKnownFileType = text.json.xcstrings; path = Localizable.xcstrings; sourceTree = "<group>"; };
		E4EB91D82A9CB42F00C0C93C /* StoryManager.swift */ = {isa = PBXFileReference; lastKnownFileType = sourcecode.swift; path = StoryManager.swift; sourceTree = "<group>"; };
		E4EB91DC2A9CE6B100C0C93C /* ListFooter.swift */ = {isa = PBXFileReference; lastKnownFileType = sourcecode.swift; path = ListFooter.swift; sourceTree = "<group>"; };
		E4EB91DE2A9CE70100C0C93C /* FooterDisplayMode.swift */ = {isa = PBXFileReference; lastKnownFileType = sourcecode.swift; path = FooterDisplayMode.swift; sourceTree = "<group>"; };
/* End PBXFileReference section */

/* Begin PBXFrameworksBuildPhase section */
		E46652B12A9463CB0048BA05 /* Frameworks */ = {
			isa = PBXFrameworksBuildPhase;
			buildActionMask = 2147483647;
			files = (
				E477E7252A95E33E00517B72 /* FaviconFinder in Frameworks */,
				E477E7202A95D55A00517B72 /* Alamofire in Frameworks */,
				681D07F500846733B18A2A18 /* Pods_Hackers.framework in Frameworks */,
			);
			runOnlyForDeploymentPostprocessing = 0;
		};
/* End PBXFrameworksBuildPhase section */

/* Begin PBXGroup section */
		0B1B3DA87C267C190A7EF565 /* Pods */ = {
			isa = PBXGroup;
			children = (
				06A0A43083B31300C5C0551C /* Pods-Hackers.debug.xcconfig */,
				93B4830D178BC940CF1E1EBB /* Pods-Hackers.release.xcconfig */,
			);
			path = Pods;
			sourceTree = "<group>";
		};
		E41D15362A95B804008B686B /* Structs */ = {
			isa = PBXGroup;
			children = (
				E46652C62A94686B0048BA05 /* HNItem.swift */,
				E43C43942A98617C0011FE82 /* HNItemLocalizable.swift */,
				E41D15342A95B7E4008B686B /* License.swift */,
			);
			path = Structs;
			sourceTree = "<group>";
		};
		E41D15372A95B812008B686B /* Views */ = {
			isa = PBXGroup;
			children = (
				E46652B72A9463CB0048BA05 /* App.swift */,
				E46652B92A9463CB0048BA05 /* MainTabView.swift */,
				E4EB91D22A9C879600C0C93C /* Stories */,
				E4EB91D32A9C87AC00C0C93C /* More */,
				E4EB91D42A9C87BC00C0C93C /* Shared */,
			);
			path = Views;
			sourceTree = "<group>";
		};
		E43C43962A9861A00011FE82 /* API */ = {
			isa = PBXGroup;
			children = (
				E43C43972A9861A90011FE82 /* Global.swift */,
			);
			path = API;
			sourceTree = "<group>";
		};
		E46652AB2A9463CB0048BA05 = {
			isa = PBXGroup;
			children = (
				E46652B62A9463CB0048BA05 /* Hackers */,
				E46652B52A9463CB0048BA05 /* Products */,
				E46652CF2A94FAB10048BA05 /* Frameworks */,
				0B1B3DA87C267C190A7EF565 /* Pods */,
			);
			sourceTree = "<group>";
		};
		E46652B52A9463CB0048BA05 /* Products */ = {
			isa = PBXGroup;
			children = (
				E46652B42A9463CB0048BA05 /* Hackers.app */,
			);
			name = Products;
			sourceTree = "<group>";
		};
		E46652B62A9463CB0048BA05 /* Hackers */ = {
			isa = PBXGroup;
			children = (
				E46652D42A94FE280048BA05 /* Info.plist */,
				E46652BB2A9463CE0048BA05 /* Assets.xcassets */,
				E48A02772A9A0DCA00C31F40 /* LaunchScreen.storyboard */,
				E46652BD2A9463CE0048BA05 /* Hackers.entitlements */,
				E4DD4DF12AA7493B0090036E /* Strings */,
				E43C43962A9861A00011FE82 /* API */,
				E41D15372A95B812008B686B /* Views */,
				E41D15362A95B804008B686B /* Structs */,
				E47FC65A2A97BB3A006BBCF9 /* Classes */,
				E477E7262A95F0D300517B72 /* Enums */,
			);
			path = Hackers;
			sourceTree = "<group>";
		};
		E46652CF2A94FAB10048BA05 /* Frameworks */ = {
			isa = PBXGroup;
			children = (
				E46652D02A94FAB10048BA05 /* MLKitTranslate.framework */,
				7273C0718512D5967816A81D /* Pods_Hackers.framework */,
			);
			name = Frameworks;
			sourceTree = "<group>";
		};
		E477E7262A95F0D300517B72 /* Enums */ = {
			isa = PBXGroup;
			children = (
				E477E7272A95F0EC00517B72 /* HNStoryType.swift */,
				E4EB91DE2A9CE70100C0C93C /* FooterDisplayMode.swift */,
				E43C439F2A98ED9B0011FE82 /* ViewState.swift */,
				E4876AE32A9EEFA700DC7FD9 /* TabType.swift */,
				E4876AE52A9EEFC500DC7FD9 /* ViewPath.swift */,
			);
			path = Enums;
			sourceTree = "<group>";
		};
		E47FC65A2A97BB3A006BBCF9 /* Classes */ = {
			isa = PBXGroup;
			children = (
				E47FC65D2A97BBB1006BBCF9 /* SettingsManager.swift */,
				E4EB91D82A9CB42F00C0C93C /* StoryManager.swift */,
				E4876AE72A9EF02300DC7FD9 /* NavigationManager.swift */,
				E4876AE12A9EEF9500DC7FD9 /* TabManager.swift */,
			);
			path = Classes;
			sourceTree = "<group>";
		};
		E4DD4DF12AA7493B0090036E /* Strings */ = {
			isa = PBXGroup;
			children = (
				E4DD4DF22AA749500090036E /* InfoPlist.xcstrings */,
				E4DD4DF42AA749840090036E /* Localizable.xcstrings */,
			);
			path = Strings;
			sourceTree = "<group>";
		};
		E4EB91D22A9C879600C0C93C /* Stories */ = {
			isa = PBXGroup;
			children = (
				E46652CD2A9473720048BA05 /* StoriesView.swift */,
				E41D15322A95B00C008B686B /* StoryItemRow.swift */,
				E43C43922A9858B70011FE82 /* StoryView.swift */,
				E43C439D2A9878960011FE82 /* CommentItemRow.swift */,
			);
			path = Stories;
			sourceTree = "<group>";
		};
		E4EB91D32A9C87AC00C0C93C /* More */ = {
			isa = PBXGroup;
			children = (
				E477E7292A95F90700517B72 /* MoreView.swift */,
				E43C439B2A9872DC0011FE82 /* CacheView.swift */,
				E46652CB2A94690B0048BA05 /* LicensesView.swift */,
			);
			path = More;
			sourceTree = "<group>";
		};
		E4EB91D42A9C87BC00C0C93C /* Shared */ = {
			isa = PBXGroup;
			children = (
				E477E7212A95D7FD00517B72 /* SafariView.swift */,
				E477E72D2A95F9BE00517B72 /* ListSectionHeader.swift */,
				E477E72B2A95F94600517B72 /* ListRow.swift */,
				E4EB91DC2A9CE6B100C0C93C /* ListFooter.swift */,
			);
			path = Shared;
			sourceTree = "<group>";
		};
/* End PBXGroup section */

/* Begin PBXNativeTarget section */
		E46652B32A9463CB0048BA05 /* Hackers */ = {
			isa = PBXNativeTarget;
			buildConfigurationList = E46652C32A9463CE0048BA05 /* Build configuration list for PBXNativeTarget "Hackers" */;
			buildPhases = (
				33EDCF7E188B0B20F180DF86 /* [CP] Check Pods Manifest.lock */,
				E46652B02A9463CB0048BA05 /* Sources */,
				E46652B12A9463CB0048BA05 /* Frameworks */,
				E46652B22A9463CB0048BA05 /* Resources */,
				EC459D93D2F4344BD469EC7B /* [CP] Embed Pods Frameworks */,
				84E9FC94110DD0797DDB7332 /* [CP] Copy Pods Resources */,
				E407C6882AA5808A004D8128 /* ShellScript */,
			);
			buildRules = (
			);
			dependencies = (
			);
			name = Hackers;
			packageProductDependencies = (
				E477E71F2A95D55A00517B72 /* Alamofire */,
				E477E7242A95E33E00517B72 /* FaviconFinder */,
			);
			productName = Hackers;
			productReference = E46652B42A9463CB0048BA05 /* Hackers.app */;
			productType = "com.apple.product-type.application";
		};
/* End PBXNativeTarget section */

/* Begin PBXProject section */
		E46652AC2A9463CB0048BA05 /* Project object */ = {
			isa = PBXProject;
			attributes = {
				BuildIndependentTargetsInParallel = 1;
				LastSwiftUpdateCheck = 1500;
				LastUpgradeCheck = 1500;
				TargetAttributes = {
					E46652B32A9463CB0048BA05 = {
						CreatedOnToolsVersion = 15.0;
					};
				};
			};
			buildConfigurationList = E46652AF2A9463CB0048BA05 /* Build configuration list for PBXProject "Hackers" */;
			compatibilityVersion = "Xcode 14.0";
			developmentRegion = ja;
			hasScannedForEncodings = 0;
			knownRegions = (
				Base,
				ja,
				en,
			);
			mainGroup = E46652AB2A9463CB0048BA05;
			packageReferences = (
				E477E71E2A95D55900517B72 /* XCRemoteSwiftPackageReference "Alamofire" */,
				E477E7232A95E33E00517B72 /* XCRemoteSwiftPackageReference "FaviconFinder" */,
			);
			productRefGroup = E46652B52A9463CB0048BA05 /* Products */;
			projectDirPath = "";
			projectRoot = "";
			targets = (
				E46652B32A9463CB0048BA05 /* Hackers */,
			);
		};
/* End PBXProject section */

/* Begin PBXResourcesBuildPhase section */
		E46652B22A9463CB0048BA05 /* Resources */ = {
			isa = PBXResourcesBuildPhase;
			buildActionMask = 2147483647;
			files = (
				E4DD4DF32AA749500090036E /* InfoPlist.xcstrings in Resources */,
				E46652BC2A9463CE0048BA05 /* Assets.xcassets in Resources */,
				E4DD4DF52AA749840090036E /* Localizable.xcstrings in Resources */,
				E48A02782A9A0DCA00C31F40 /* LaunchScreen.storyboard in Resources */,
			);
			runOnlyForDeploymentPostprocessing = 0;
		};
/* End PBXResourcesBuildPhase section */

/* Begin PBXShellScriptBuildPhase section */
		33EDCF7E188B0B20F180DF86 /* [CP] Check Pods Manifest.lock */ = {
			isa = PBXShellScriptBuildPhase;
			buildActionMask = 2147483647;
			files = (
			);
			inputFileListPaths = (
			);
			inputPaths = (
				"${PODS_PODFILE_DIR_PATH}/Podfile.lock",
				"${PODS_ROOT}/Manifest.lock",
			);
			name = "[CP] Check Pods Manifest.lock";
			outputFileListPaths = (
			);
			outputPaths = (
				"$(DERIVED_FILE_DIR)/Pods-Hackers-checkManifestLockResult.txt",
			);
			runOnlyForDeploymentPostprocessing = 0;
			shellPath = /bin/sh;
			shellScript = "diff \"${PODS_PODFILE_DIR_PATH}/Podfile.lock\" \"${PODS_ROOT}/Manifest.lock\" > /dev/null\nif [ $? != 0 ] ; then\n    # print error to STDERR\n    echo \"error: The sandbox is not in sync with the Podfile.lock. Run 'pod install' or update your CocoaPods installation.\" >&2\n    exit 1\nfi\n# This output is used by Xcode 'outputs' to avoid re-running this script phase.\necho \"SUCCESS\" > \"${SCRIPT_OUTPUT_FILE_0}\"\n";
			showEnvVarsInLog = 0;
		};
		84E9FC94110DD0797DDB7332 /* [CP] Copy Pods Resources */ = {
			isa = PBXShellScriptBuildPhase;
			buildActionMask = 2147483647;
			files = (
			);
			inputFileListPaths = (
				"${PODS_ROOT}/Target Support Files/Pods-Hackers/Pods-Hackers-resources-${CONFIGURATION}-input-files.xcfilelist",
			);
			name = "[CP] Copy Pods Resources";
			outputFileListPaths = (
				"${PODS_ROOT}/Target Support Files/Pods-Hackers/Pods-Hackers-resources-${CONFIGURATION}-output-files.xcfilelist",
			);
			runOnlyForDeploymentPostprocessing = 0;
			shellPath = /bin/sh;
			shellScript = "\"${PODS_ROOT}/Target Support Files/Pods-Hackers/Pods-Hackers-resources.sh\"\n";
			showEnvVarsInLog = 0;
		};
		E407C6882AA5808A004D8128 /* ShellScript */ = {
			isa = PBXShellScriptBuildPhase;
			alwaysOutOfDate = 1;
			buildActionMask = 2147483647;
			files = (
			);
			inputFileListPaths = (
			);
			inputPaths = (
			);
			outputFileListPaths = (
			);
			outputPaths = (
			);
			runOnlyForDeploymentPostprocessing = 0;
			shellPath = /bin/sh;
			shellScript = "export PATH=\"$PATH:/opt/homebrew/bin\"\nif which swiftlint > /dev/null; then\n  swiftlint\nelse\n  echo \"warning: SwiftLint not installed, download from https://github.com/realm/SwiftLint\"\nfi\n";
		};
		EC459D93D2F4344BD469EC7B /* [CP] Embed Pods Frameworks */ = {
			isa = PBXShellScriptBuildPhase;
			buildActionMask = 2147483647;
			files = (
			);
			inputFileListPaths = (
				"${PODS_ROOT}/Target Support Files/Pods-Hackers/Pods-Hackers-frameworks-${CONFIGURATION}-input-files.xcfilelist",
			);
			name = "[CP] Embed Pods Frameworks";
			outputFileListPaths = (
				"${PODS_ROOT}/Target Support Files/Pods-Hackers/Pods-Hackers-frameworks-${CONFIGURATION}-output-files.xcfilelist",
			);
			runOnlyForDeploymentPostprocessing = 0;
			shellPath = /bin/sh;
			shellScript = "\"${PODS_ROOT}/Target Support Files/Pods-Hackers/Pods-Hackers-frameworks.sh\"\n";
			showEnvVarsInLog = 0;
		};
/* End PBXShellScriptBuildPhase section */

/* Begin PBXSourcesBuildPhase section */
		E46652B02A9463CB0048BA05 /* Sources */ = {
			isa = PBXSourcesBuildPhase;
			buildActionMask = 2147483647;
			files = (
				E477E72E2A95F9BE00517B72 /* ListSectionHeader.swift in Sources */,
				E47FC65E2A97BBB1006BBCF9 /* SettingsManager.swift in Sources */,
				E43C43A02A98ED9B0011FE82 /* ViewState.swift in Sources */,
				E46652BA2A9463CB0048BA05 /* MainTabView.swift in Sources */,
				E41D15352A95B7E4008B686B /* License.swift in Sources */,
				E46652CE2A9473720048BA05 /* StoriesView.swift in Sources */,
				E46652C72A94686B0048BA05 /* HNItem.swift in Sources */,
				E4876AE62A9EEFC500DC7FD9 /* ViewPath.swift in Sources */,
				E4876AE82A9EF02300DC7FD9 /* NavigationManager.swift in Sources */,
				E4EB91DD2A9CE6B100C0C93C /* ListFooter.swift in Sources */,
				E43C439C2A9872DC0011FE82 /* CacheView.swift in Sources */,
				E477E7222A95D7FD00517B72 /* SafariView.swift in Sources */,
				E4EB91DF2A9CE70100C0C93C /* FooterDisplayMode.swift in Sources */,
				E41D15332A95B00C008B686B /* StoryItemRow.swift in Sources */,
				E43C43982A9861A90011FE82 /* Global.swift in Sources */,
				E46652CC2A94690B0048BA05 /* LicensesView.swift in Sources */,
				E4876AE22A9EEF9500DC7FD9 /* TabManager.swift in Sources */,
				E477E7282A95F0EC00517B72 /* HNStoryType.swift in Sources */,
				E4EB91D92A9CB42F00C0C93C /* StoryManager.swift in Sources */,
				E43C43932A9858B70011FE82 /* StoryView.swift in Sources */,
				E477E72C2A95F94600517B72 /* ListRow.swift in Sources */,
				E43C439E2A9878960011FE82 /* CommentItemRow.swift in Sources */,
				E46652B82A9463CB0048BA05 /* App.swift in Sources */,
				E43C43952A98617C0011FE82 /* HNItemLocalizable.swift in Sources */,
				E477E72A2A95F90700517B72 /* MoreView.swift in Sources */,
				E4876AE42A9EEFA700DC7FD9 /* TabType.swift in Sources */,
			);
			runOnlyForDeploymentPostprocessing = 0;
		};
/* End PBXSourcesBuildPhase section */

/* Begin XCBuildConfiguration section */
		E46652C12A9463CE0048BA05 /* Debug */ = {
			isa = XCBuildConfiguration;
			buildSettings = {
				ALWAYS_SEARCH_USER_PATHS = NO;
				ASSETCATALOG_COMPILER_GENERATE_SWIFT_ASSET_SYMBOL_EXTENSIONS = YES;
				CLANG_ANALYZER_NONNULL = YES;
				CLANG_ANALYZER_NUMBER_OBJECT_CONVERSION = YES_AGGRESSIVE;
				CLANG_CXX_LANGUAGE_STANDARD = "gnu++20";
				CLANG_ENABLE_MODULES = YES;
				CLANG_ENABLE_OBJC_ARC = YES;
				CLANG_ENABLE_OBJC_WEAK = YES;
				CLANG_WARN_BLOCK_CAPTURE_AUTORELEASING = YES;
				CLANG_WARN_BOOL_CONVERSION = YES;
				CLANG_WARN_COMMA = YES;
				CLANG_WARN_CONSTANT_CONVERSION = YES;
				CLANG_WARN_DEPRECATED_OBJC_IMPLEMENTATIONS = YES;
				CLANG_WARN_DIRECT_OBJC_ISA_USAGE = YES_ERROR;
				CLANG_WARN_DOCUMENTATION_COMMENTS = YES;
				CLANG_WARN_EMPTY_BODY = YES;
				CLANG_WARN_ENUM_CONVERSION = YES;
				CLANG_WARN_INFINITE_RECURSION = YES;
				CLANG_WARN_INT_CONVERSION = YES;
				CLANG_WARN_NON_LITERAL_NULL_CONVERSION = YES;
				CLANG_WARN_OBJC_IMPLICIT_RETAIN_SELF = YES;
				CLANG_WARN_OBJC_LITERAL_CONVERSION = YES;
				CLANG_WARN_OBJC_ROOT_CLASS = YES_ERROR;
				CLANG_WARN_QUOTED_INCLUDE_IN_FRAMEWORK_HEADER = YES;
				CLANG_WARN_RANGE_LOOP_ANALYSIS = YES;
				CLANG_WARN_STRICT_PROTOTYPES = YES;
				CLANG_WARN_SUSPICIOUS_MOVE = YES;
				CLANG_WARN_UNGUARDED_AVAILABILITY = YES_AGGRESSIVE;
				CLANG_WARN_UNREACHABLE_CODE = YES;
				CLANG_WARN__DUPLICATE_METHOD_MATCH = YES;
				COPY_PHASE_STRIP = NO;
				DEAD_CODE_STRIPPING = YES;
				DEBUG_INFORMATION_FORMAT = dwarf;
				ENABLE_STRICT_OBJC_MSGSEND = YES;
				ENABLE_TESTABILITY = YES;
				ENABLE_USER_SCRIPT_SANDBOXING = NO;
				GCC_C_LANGUAGE_STANDARD = gnu17;
				GCC_DYNAMIC_NO_PIC = NO;
				GCC_NO_COMMON_BLOCKS = YES;
				GCC_OPTIMIZATION_LEVEL = 0;
				GCC_PREPROCESSOR_DEFINITIONS = (
					"DEBUG=1",
					"$(inherited)",
				);
				GCC_WARN_64_TO_32_BIT_CONVERSION = YES;
				GCC_WARN_ABOUT_RETURN_TYPE = YES_ERROR;
				GCC_WARN_UNDECLARED_SELECTOR = YES;
				GCC_WARN_UNINITIALIZED_AUTOS = YES_AGGRESSIVE;
				GCC_WARN_UNUSED_FUNCTION = YES;
				GCC_WARN_UNUSED_VARIABLE = YES;
				LOCALIZATION_PREFERS_STRING_CATALOGS = YES;
				MTL_ENABLE_DEBUG_INFO = INCLUDE_SOURCE;
				MTL_FAST_MATH = YES;
				ONLY_ACTIVE_ARCH = YES;
				SWIFT_ACTIVE_COMPILATION_CONDITIONS = "DEBUG $(inherited)";
				SWIFT_OPTIMIZATION_LEVEL = "-Onone";
			};
			name = Debug;
		};
		E46652C22A9463CE0048BA05 /* Release */ = {
			isa = XCBuildConfiguration;
			buildSettings = {
				ALWAYS_SEARCH_USER_PATHS = NO;
				ASSETCATALOG_COMPILER_GENERATE_SWIFT_ASSET_SYMBOL_EXTENSIONS = YES;
				CLANG_ANALYZER_NONNULL = YES;
				CLANG_ANALYZER_NUMBER_OBJECT_CONVERSION = YES_AGGRESSIVE;
				CLANG_CXX_LANGUAGE_STANDARD = "gnu++20";
				CLANG_ENABLE_MODULES = YES;
				CLANG_ENABLE_OBJC_ARC = YES;
				CLANG_ENABLE_OBJC_WEAK = YES;
				CLANG_WARN_BLOCK_CAPTURE_AUTORELEASING = YES;
				CLANG_WARN_BOOL_CONVERSION = YES;
				CLANG_WARN_COMMA = YES;
				CLANG_WARN_CONSTANT_CONVERSION = YES;
				CLANG_WARN_DEPRECATED_OBJC_IMPLEMENTATIONS = YES;
				CLANG_WARN_DIRECT_OBJC_ISA_USAGE = YES_ERROR;
				CLANG_WARN_DOCUMENTATION_COMMENTS = YES;
				CLANG_WARN_EMPTY_BODY = YES;
				CLANG_WARN_ENUM_CONVERSION = YES;
				CLANG_WARN_INFINITE_RECURSION = YES;
				CLANG_WARN_INT_CONVERSION = YES;
				CLANG_WARN_NON_LITERAL_NULL_CONVERSION = YES;
				CLANG_WARN_OBJC_IMPLICIT_RETAIN_SELF = YES;
				CLANG_WARN_OBJC_LITERAL_CONVERSION = YES;
				CLANG_WARN_OBJC_ROOT_CLASS = YES_ERROR;
				CLANG_WARN_QUOTED_INCLUDE_IN_FRAMEWORK_HEADER = YES;
				CLANG_WARN_RANGE_LOOP_ANALYSIS = YES;
				CLANG_WARN_STRICT_PROTOTYPES = YES;
				CLANG_WARN_SUSPICIOUS_MOVE = YES;
				CLANG_WARN_UNGUARDED_AVAILABILITY = YES_AGGRESSIVE;
				CLANG_WARN_UNREACHABLE_CODE = YES;
				CLANG_WARN__DUPLICATE_METHOD_MATCH = YES;
				COPY_PHASE_STRIP = NO;
				DEAD_CODE_STRIPPING = YES;
				DEBUG_INFORMATION_FORMAT = "dwarf-with-dsym";
				ENABLE_NS_ASSERTIONS = NO;
				ENABLE_STRICT_OBJC_MSGSEND = YES;
				ENABLE_USER_SCRIPT_SANDBOXING = NO;
				GCC_C_LANGUAGE_STANDARD = gnu17;
				GCC_NO_COMMON_BLOCKS = YES;
				GCC_WARN_64_TO_32_BIT_CONVERSION = YES;
				GCC_WARN_ABOUT_RETURN_TYPE = YES_ERROR;
				GCC_WARN_UNDECLARED_SELECTOR = YES;
				GCC_WARN_UNINITIALIZED_AUTOS = YES_AGGRESSIVE;
				GCC_WARN_UNUSED_FUNCTION = YES;
				GCC_WARN_UNUSED_VARIABLE = YES;
				LOCALIZATION_PREFERS_STRING_CATALOGS = YES;
				MTL_ENABLE_DEBUG_INFO = NO;
				MTL_FAST_MATH = YES;
				SWIFT_COMPILATION_MODE = wholemodule;
			};
			name = Release;
		};
		E46652C42A9463CE0048BA05 /* Debug */ = {
			isa = XCBuildConfiguration;
			baseConfigurationReference = 06A0A43083B31300C5C0551C /* Pods-Hackers.debug.xcconfig */;
			buildSettings = {
				ASSETCATALOG_COMPILER_APPICON_NAME = AppIcon;
				ASSETCATALOG_COMPILER_GLOBAL_ACCENT_COLOR_NAME = AccentColor;
				CODE_SIGN_ENTITLEMENTS = Hackers/Hackers.entitlements;
				CODE_SIGN_STYLE = Automatic;
				CURRENT_PROJECT_VERSION = 1;
				DEAD_CODE_STRIPPING = YES;
				DEVELOPMENT_TEAM = YYM4Z6MU8F;
				ENABLE_PREVIEWS = YES;
				FRAMEWORK_SEARCH_PATHS = (
					"$(inherited)",
					"$(PROJECT_DIR)/Pods/MLKitTranslate/Frameworks",
				);
				GENERATE_INFOPLIST_FILE = YES;
				INFOPLIST_FILE = Hackers/Info.plist;
				INFOPLIST_KEY_CFBundleDisplayName = "ハッカーズ";
				"INFOPLIST_KEY_UIApplicationSceneManifest_Generation[sdk=iphoneos*]" = YES;
				"INFOPLIST_KEY_UIApplicationSceneManifest_Generation[sdk=iphonesimulator*]" = YES;
				"INFOPLIST_KEY_UIApplicationSupportsIndirectInputEvents[sdk=iphoneos*]" = YES;
				"INFOPLIST_KEY_UIApplicationSupportsIndirectInputEvents[sdk=iphonesimulator*]" = YES;
				"INFOPLIST_KEY_UILaunchScreen_Generation[sdk=iphoneos*]" = YES;
				"INFOPLIST_KEY_UILaunchScreen_Generation[sdk=iphonesimulator*]" = YES;
				INFOPLIST_KEY_UILaunchStoryboardName = LaunchScreen.storyboard;
				"INFOPLIST_KEY_UIStatusBarStyle[sdk=iphoneos*]" = UIStatusBarStyleDefault;
				"INFOPLIST_KEY_UIStatusBarStyle[sdk=iphonesimulator*]" = UIStatusBarStyleDefault;
				INFOPLIST_KEY_UISupportedInterfaceOrientations = UIInterfaceOrientationPortrait;
				INFOPLIST_KEY_UISupportedInterfaceOrientations_iPad = "UIInterfaceOrientationLandscapeLeft UIInterfaceOrientationLandscapeRight UIInterfaceOrientationPortrait UIInterfaceOrientationPortraitUpsideDown";
				IPHONEOS_DEPLOYMENT_TARGET = 16.0;
				LD_RUNPATH_SEARCH_PATHS = "@executable_path/Frameworks";
				"LD_RUNPATH_SEARCH_PATHS[sdk=macosx*]" = "@executable_path/../Frameworks";
				MACOSX_DEPLOYMENT_TARGET = 14.0;
				MARKETING_VERSION = 1.0;
				PRODUCT_BUNDLE_IDENTIFIER = com.tsubuzaki.Hackers;
				PRODUCT_NAME = "$(TARGET_NAME)";
				SUPPORTED_PLATFORMS = "iphoneos iphonesimulator";
				SUPPORTS_MACCATALYST = NO;
				SWIFT_EMIT_LOC_STRINGS = YES;
				SWIFT_VERSION = 5.0;
				TARGETED_DEVICE_FAMILY = 1;
			};
			name = Debug;
		};
		E46652C52A9463CE0048BA05 /* Release */ = {
			isa = XCBuildConfiguration;
			baseConfigurationReference = 93B4830D178BC940CF1E1EBB /* Pods-Hackers.release.xcconfig */;
			buildSettings = {
				ASSETCATALOG_COMPILER_APPICON_NAME = AppIcon;
				ASSETCATALOG_COMPILER_GLOBAL_ACCENT_COLOR_NAME = AccentColor;
				CODE_SIGN_ENTITLEMENTS = Hackers/Hackers.entitlements;
				CODE_SIGN_STYLE = Automatic;
				CURRENT_PROJECT_VERSION = 1;
				DEAD_CODE_STRIPPING = YES;
				DEVELOPMENT_TEAM = YYM4Z6MU8F;
				ENABLE_PREVIEWS = YES;
				FRAMEWORK_SEARCH_PATHS = (
					"$(inherited)",
					"$(PROJECT_DIR)/Pods/MLKitTranslate/Frameworks",
				);
				GENERATE_INFOPLIST_FILE = YES;
				INFOPLIST_FILE = Hackers/Info.plist;
				INFOPLIST_KEY_CFBundleDisplayName = "ハッカーズ";
				"INFOPLIST_KEY_UIApplicationSceneManifest_Generation[sdk=iphoneos*]" = YES;
				"INFOPLIST_KEY_UIApplicationSceneManifest_Generation[sdk=iphonesimulator*]" = YES;
				"INFOPLIST_KEY_UIApplicationSupportsIndirectInputEvents[sdk=iphoneos*]" = YES;
				"INFOPLIST_KEY_UIApplicationSupportsIndirectInputEvents[sdk=iphonesimulator*]" = YES;
				"INFOPLIST_KEY_UILaunchScreen_Generation[sdk=iphoneos*]" = YES;
				"INFOPLIST_KEY_UILaunchScreen_Generation[sdk=iphonesimulator*]" = YES;
				INFOPLIST_KEY_UILaunchStoryboardName = LaunchScreen.storyboard;
				"INFOPLIST_KEY_UIStatusBarStyle[sdk=iphoneos*]" = UIStatusBarStyleDefault;
				"INFOPLIST_KEY_UIStatusBarStyle[sdk=iphonesimulator*]" = UIStatusBarStyleDefault;
				INFOPLIST_KEY_UISupportedInterfaceOrientations = UIInterfaceOrientationPortrait;
				INFOPLIST_KEY_UISupportedInterfaceOrientations_iPad = "UIInterfaceOrientationLandscapeLeft UIInterfaceOrientationLandscapeRight UIInterfaceOrientationPortrait UIInterfaceOrientationPortraitUpsideDown";
				IPHONEOS_DEPLOYMENT_TARGET = 16.0;
				LD_RUNPATH_SEARCH_PATHS = "@executable_path/Frameworks";
				"LD_RUNPATH_SEARCH_PATHS[sdk=macosx*]" = "@executable_path/../Frameworks";
				MACOSX_DEPLOYMENT_TARGET = 14.0;
				MARKETING_VERSION = 1.0;
				PRODUCT_BUNDLE_IDENTIFIER = com.tsubuzaki.Hackers;
				PRODUCT_NAME = "$(TARGET_NAME)";
				SUPPORTED_PLATFORMS = "iphoneos iphonesimulator";
				SUPPORTS_MACCATALYST = NO;
				SWIFT_EMIT_LOC_STRINGS = YES;
				SWIFT_VERSION = 5.0;
				TARGETED_DEVICE_FAMILY = 1;
			};
			name = Release;
		};
/* End XCBuildConfiguration section */

/* Begin XCConfigurationList section */
		E46652AF2A9463CB0048BA05 /* Build configuration list for PBXProject "Hackers" */ = {
			isa = XCConfigurationList;
			buildConfigurations = (
				E46652C12A9463CE0048BA05 /* Debug */,
				E46652C22A9463CE0048BA05 /* Release */,
			);
			defaultConfigurationIsVisible = 0;
			defaultConfigurationName = Release;
		};
		E46652C32A9463CE0048BA05 /* Build configuration list for PBXNativeTarget "Hackers" */ = {
			isa = XCConfigurationList;
			buildConfigurations = (
				E46652C42A9463CE0048BA05 /* Debug */,
				E46652C52A9463CE0048BA05 /* Release */,
			);
			defaultConfigurationIsVisible = 0;
			defaultConfigurationName = Release;
		};
/* End XCConfigurationList section */

/* Begin XCRemoteSwiftPackageReference section */
		E477E71E2A95D55900517B72 /* XCRemoteSwiftPackageReference "Alamofire" */ = {
			isa = XCRemoteSwiftPackageReference;
			repositoryURL = "https://github.com/Alamofire/Alamofire.git";
			requirement = {
				kind = upToNextMinorVersion;
				minimumVersion = 5.7.1;
			};
		};
		E477E7232A95E33E00517B72 /* XCRemoteSwiftPackageReference "FaviconFinder" */ = {
			isa = XCRemoteSwiftPackageReference;
			repositoryURL = "https://github.com/will-lumley/FaviconFinder.git";
			requirement = {
				kind = upToNextMinorVersion;
				minimumVersion = 4.2.0;
			};
		};
/* End XCRemoteSwiftPackageReference section */

/* Begin XCSwiftPackageProductDependency section */
		E477E71F2A95D55A00517B72 /* Alamofire */ = {
			isa = XCSwiftPackageProductDependency;
			package = E477E71E2A95D55900517B72 /* XCRemoteSwiftPackageReference "Alamofire" */;
			productName = Alamofire;
		};
		E477E7242A95E33E00517B72 /* FaviconFinder */ = {
			isa = XCSwiftPackageProductDependency;
			package = E477E7232A95E33E00517B72 /* XCRemoteSwiftPackageReference "FaviconFinder" */;
			productName = FaviconFinder;
		};
/* End XCSwiftPackageProductDependency section */
	};
	rootObject = E46652AC2A9463CB0048BA05 /* Project object */;
}
