{
  "originHash" : "c1abe06ef9bca6b6ec6f49b636c290ebddbc4244786e5e85cd0f331ce4e65243",
  "pins" : [
    {
      "identity" : "alamofire",
      "kind" : "remoteSourceControl",
      "location" : "https://github.com/Alamofire/Alamofire.git",
      "state" : {
        "revision" : "bc268c28fb170f494de9e9927c371b8342979ece",
        "version" : "5.7.1"
      }
    },
    {
      "identity" : "faviconfinder",
      "kind" : "remoteSourceControl",
      "location" : "https://github.com/will-lumley/FaviconFinder.git",
      "state" : {
        "revision" : "48f98ceadd8ee3d484016201fe1115d0d23fa87d",
        "version" : "4.2.0"
      }
    },
    {
      "identity" : "komponents",
      "kind" : "remoteSourceControl",
      "location" : "https://github.com/katagaki/Komponents",
      "state" : {
        "branch" : "main",
        "revision" : "ac1ef7aefb1c4b5a0af65251cb8f14dd42bd1eb6"
      }
    },
    {
      "identity" : "swiftsoup",
      "kind" : "remoteSourceControl",
      "location" : "https://github.com/scinfu/SwiftSoup.git",
      "state" : {
        "revision" : "64e4daa41b0f22affa94a6063d509c137c26909c",
        "version" : "2.8.5"
      }
    }
  ],
  "version" : 3
}
